
Microsoft Visual Studio Solution File, Format Version 12.00
# Visual Studio Version 17
VisualStudioVersion = 17.8.34511.84
MinimumVisualStudioVersion = 10.0.40219.1
Project("{FAE04EC0-301F-11D3-BF4B-00C04F79EFBC}") = "AnimalInheritance", "AnimalInheritance.csproj", "{6E30F403-FBBD-4E3E-9B82-837077E0EFCA}"
EndProject
Global
	GlobalSection(SolutionConfigurationPlatforms) = preSolution
		Debug|Any CPU = Debug|Any CPU
		Release|Any CPU = Release|Any CPU
	EndGlobalSection
	GlobalSection(ProjectConfigurationPlatforms) = postSolution
		{6E30F403-FBBD-4E3E-9B82-837077E0EFCA}.Debug|Any CPU.ActiveCfg = Debug|Any CPU
		{6E30F403-FBBD-4E3E-9B82-837077E0EFCA}.Debug|Any CPU.Build.0 = Debug|Any CPU
		{6E30F403-FBBD-4E3E-9B82-837077E0EFCA}.Release|Any CPU.ActiveCfg = Release|Any CPU
		{6E30F403-FBBD-4E3E-9B82-837077E0EFCA}.Release|Any CPU.Build.0 = Release|Any CPU
	EndGlobalSection
	GlobalSection(SolutionProperties) = preSolution
		HideSolutionNode = FALSE
	EndGlobalSection
	GlobalSection(ExtensibilityGlobals) = postSolution
		SolutionGuid = {94811C0F-5B9C-4632-922C-6A52AEA8AB56}
	EndGlobalSection
EndGlobal
